// !$*UTF8*$!
{
	archiveVersion = 1;
	classes = {
	};
	objectVersion = 45;
	objects = {

/* Begin PBXBuildFile section */
		1D3623260D0F684500981E51 /* Less2DoAppDelegate.m in Sources */ = {isa = PBXBuildFile; fileRef = 1D3623250D0F684500981E51 /* Less2DoAppDelegate.m */; };
		1D60589B0D05DD56006BFB54 /* main.m in Sources */ = {isa = PBXBuildFile; fileRef = 29B97316FDCFA39411CA2CEA /* main.m */; };
		1D60589F0D05DD5A006BFB54 /* Foundation.framework in Frameworks */ = {isa = PBXBuildFile; fileRef = 1D30AB110D05D00D00671497 /* Foundation.framework */; };
		1DF5F4E00D08C38300B7A737 /* UIKit.framework in Frameworks */ = {isa = PBXBuildFile; fileRef = 1DF5F4DF0D08C38300B7A737 /* UIKit.framework */; };
		288765A50DF7441C002DB57D /* CoreGraphics.framework in Frameworks */ = {isa = PBXBuildFile; fileRef = 288765A40DF7441C002DB57D /* CoreGraphics.framework */; };
		28AD733F0D9D9553002E5188 /* MainWindow.xib in Resources */ = {isa = PBXBuildFile; fileRef = 28AD733E0D9D9553002E5188 /* MainWindow.xib */; };
		28C3AD8A0F43EF2300507BA6 /* Less2Do.xcdatamodel in Sources */ = {isa = PBXBuildFile; fileRef = 28C3AD890F43EF2300507BA6 /* Less2Do.xcdatamodel */; };
		28D801B40F44B63D00FB423F /* CoreData.framework in Frameworks */ = {isa = PBXBuildFile; fileRef = 28D801B30F44B63D00FB423F /* CoreData.framework */; };
		3903386910B6096F007985A9 /* HomeFirstLevelViewController.m in Sources */ = {isa = PBXBuildFile; fileRef = 3903386810B6096F007985A9 /* HomeFirstLevelViewController.m */; };
		3903387610B60BF0007985A9 /* TasksListViewController.m in Sources */ = {isa = PBXBuildFile; fileRef = 3903387510B60BF0007985A9 /* TasksListViewController.m */; };
		392325B210B2EE7D00075370 /* Default.png in Resources */ = {isa = PBXBuildFile; fileRef = 392325A810B2EE7D00075370 /* Default.png */; };
		392325B310B2EE7D00075370 /* Icon.png in Resources */ = {isa = PBXBuildFile; fileRef = 392325A910B2EE7D00075370 /* Icon.png */; };
		392325B410B2EE7D00075370 /* Icon-Small.png in Resources */ = {isa = PBXBuildFile; fileRef = 392325AA10B2EE7D00075370 /* Icon-Small.png */; };
		392325B510B2EE7D00075370 /* contexts.png in Resources */ = {isa = PBXBuildFile; fileRef = 392325AD10B2EE7D00075370 /* contexts.png */; };
		392325B610B2EE7D00075370 /* folders.png in Resources */ = {isa = PBXBuildFile; fileRef = 392325AE10B2EE7D00075370 /* folders.png */; };
		392325B710B2EE7D00075370 /* home.png in Resources */ = {isa = PBXBuildFile; fileRef = 392325AF10B2EE7D00075370 /* home.png */; };
		392325B810B2EE7D00075370 /* settings.png in Resources */ = {isa = PBXBuildFile; fileRef = 392325B010B2EE7D00075370 /* settings.png */; };
		392325B910B2EE7D00075370 /* tags.png in Resources */ = {isa = PBXBuildFile; fileRef = 392325B110B2EE7D00075370 /* tags.png */; };
		39B6584910B615FF00825C1D /* HomeNavigationController.m in Sources */ = {isa = PBXBuildFile; fileRef = 39B6584810B615FF00825C1D /* HomeNavigationController.m */; };
		39B6586310B618F600825C1D /* HomeTableView.xib in Resources */ = {isa = PBXBuildFile; fileRef = 39B6586210B618F600825C1D /* HomeTableView.xib */; };
		39B6587010B61E1E00825C1D /* sync.png in Resources */ = {isa = PBXBuildFile; fileRef = 39B6586F10B61E1E00825C1D /* sync.png */; };
		39B6587910B61F8A00825C1D /* title.png in Resources */ = {isa = PBXBuildFile; fileRef = 39B6587810B61F8A00825C1D /* title.png */; };
		39B658B910B623AE00825C1D /* all_tasks.png in Resources */ = {isa = PBXBuildFile; fileRef = 39B658B810B623AE00825C1D /* all_tasks.png */; };
		39B6590410B6B36F00825C1D /* ContextsNavigationController.m in Sources */ = {isa = PBXBuildFile; fileRef = 39B6590310B6B36F00825C1D /* ContextsNavigationController.m */; };
		39B6590710B6B3A100825C1D /* ContextsFirstLevelViewController.m in Sources */ = {isa = PBXBuildFile; fileRef = 39B6590610B6B3A100825C1D /* ContextsFirstLevelViewController.m */; };
		39B6593F10B6B88B00825C1D /* ContextsTableView.xib in Resources */ = {isa = PBXBuildFile; fileRef = 39B6593E10B6B88B00825C1D /* ContextsTableView.xib */; };
/* End PBXBuildFile section */

/* Begin PBXFileReference section */
		1D30AB110D05D00D00671497 /* Foundation.framework */ = {isa = PBXFileReference; lastKnownFileType = wrapper.framework; name = Foundation.framework; path = System/Library/Frameworks/Foundation.framework; sourceTree = SDKROOT; };
		1D3623240D0F684500981E51 /* Less2DoAppDelegate.h */ = {isa = PBXFileReference; fileEncoding = 4; lastKnownFileType = sourcecode.c.h; path = Less2DoAppDelegate.h; sourceTree = "<group>"; };
		1D3623250D0F684500981E51 /* Less2DoAppDelegate.m */ = {isa = PBXFileReference; fileEncoding = 4; lastKnownFileType = sourcecode.c.objc; path = Less2DoAppDelegate.m; sourceTree = "<group>"; };
		1D6058910D05DD3D006BFB54 /* Less2Do.app */ = {isa = PBXFileReference; explicitFileType = wrapper.application; includeInIndex = 0; path = Less2Do.app; sourceTree = BUILT_PRODUCTS_DIR; };
		1DF5F4DF0D08C38300B7A737 /* UIKit.framework */ = {isa = PBXFileReference; lastKnownFileType = wrapper.framework; name = UIKit.framework; path = System/Library/Frameworks/UIKit.framework; sourceTree = SDKROOT; };
		288765A40DF7441C002DB57D /* CoreGraphics.framework */ = {isa = PBXFileReference; lastKnownFileType = wrapper.framework; name = CoreGraphics.framework; path = System/Library/Frameworks/CoreGraphics.framework; sourceTree = SDKROOT; };
		28AD733E0D9D9553002E5188 /* MainWindow.xib */ = {isa = PBXFileReference; lastKnownFileType = file.xib; path = MainWindow.xib; sourceTree = "<group>"; };
		28C3AD890F43EF2300507BA6 /* Less2Do.xcdatamodel */ = {isa = PBXFileReference; fileEncoding = 4; lastKnownFileType = wrapper.xcdatamodel; path = Less2Do.xcdatamodel; sourceTree = "<group>"; };
		28D801B30F44B63D00FB423F /* CoreData.framework */ = {isa = PBXFileReference; lastKnownFileType = wrapper.framework; name = CoreData.framework; path = System/Library/Frameworks/CoreData.framework; sourceTree = SDKROOT; };
		29B97316FDCFA39411CA2CEA /* main.m */ = {isa = PBXFileReference; fileEncoding = 4; lastKnownFileType = sourcecode.c.objc; path = main.m; sourceTree = "<group>"; };
		32CA4F630368D1EE00C91783 /* Less2Do_Prefix.pch */ = {isa = PBXFileReference; fileEncoding = 4; lastKnownFileType = sourcecode.c.h; path = Less2Do_Prefix.pch; sourceTree = "<group>"; };
		3903386710B6096F007985A9 /* HomeFirstLevelViewController.h */ = {isa = PBXFileReference; fileEncoding = 4; lastKnownFileType = sourcecode.c.h; path = HomeFirstLevelViewController.h; sourceTree = "<group>"; };
		3903386810B6096F007985A9 /* HomeFirstLevelViewController.m */ = {isa = PBXFileReference; fileEncoding = 4; lastKnownFileType = sourcecode.c.objc; path = HomeFirstLevelViewController.m; sourceTree = "<group>"; };
		3903387410B60BF0007985A9 /* TasksListViewController.h */ = {isa = PBXFileReference; fileEncoding = 4; lastKnownFileType = sourcecode.c.h; path = TasksListViewController.h; sourceTree = "<group>"; };
		3903387510B60BF0007985A9 /* TasksListViewController.m */ = {isa = PBXFileReference; fileEncoding = 4; lastKnownFileType = sourcecode.c.objc; path = TasksListViewController.m; sourceTree = "<group>"; };
		392325A810B2EE7D00075370 /* Default.png */ = {isa = PBXFileReference; lastKnownFileType = image.png; name = Default.png; path = ../Default.png; sourceTree = "<group>"; };
		392325A910B2EE7D00075370 /* Icon.png */ = {isa = PBXFileReference; lastKnownFileType = image.png; name = Icon.png; path = ../Icon.png; sourceTree = "<group>"; };
		392325AA10B2EE7D00075370 /* Icon-Small.png */ = {isa = PBXFileReference; lastKnownFileType = image.png; name = "Icon-Small.png"; path = "../Icon-Small.png"; sourceTree = "<group>"; };
		392325AD10B2EE7D00075370 /* contexts.png */ = {isa = PBXFileReference; lastKnownFileType = image.png; path = contexts.png; sourceTree = "<group>"; };
		392325AE10B2EE7D00075370 /* folders.png */ = {isa = PBXFileReference; lastKnownFileType = image.png; path = folders.png; sourceTree = "<group>"; };
		392325AF10B2EE7D00075370 /* home.png */ = {isa = PBXFileReference; lastKnownFileType = image.png; path = home.png; sourceTree = "<group>"; };
		392325B010B2EE7D00075370 /* settings.png */ = {isa = PBXFileReference; lastKnownFileType = image.png; path = settings.png; sourceTree = "<group>"; };
		392325B110B2EE7D00075370 /* tags.png */ = {isa = PBXFileReference; lastKnownFileType = image.png; path = tags.png; sourceTree = "<group>"; };
		39B6584710B615FF00825C1D /* HomeNavigationController.h */ = {isa = PBXFileReference; fileEncoding = 4; lastKnownFileType = sourcecode.c.h; path = HomeNavigationController.h; sourceTree = "<group>"; };
		39B6584810B615FF00825C1D /* HomeNavigationController.m */ = {isa = PBXFileReference; fileEncoding = 4; lastKnownFileType = sourcecode.c.objc; path = HomeNavigationController.m; sourceTree = "<group>"; };
		39B6586210B618F600825C1D /* HomeTableView.xib */ = {isa = PBXFileReference; lastKnownFileType = file.xib; path = HomeTableView.xib; sourceTree = "<group>"; };
		39B6586F10B61E1E00825C1D /* sync.png */ = {isa = PBXFileReference; lastKnownFileType = image.png; name = sync.png; path = navbar/sync.png; sourceTree = "<group>"; };
		39B6587810B61F8A00825C1D /* title.png */ = {isa = PBXFileReference; lastKnownFileType = image.png; path = title.png; sourceTree = "<group>"; };
		39B658B810B623AE00825C1D /* all_tasks.png */ = {isa = PBXFileReference; lastKnownFileType = image.png; path = all_tasks.png; sourceTree = "<group>"; };
		39B6590210B6B36F00825C1D /* ContextsNavigationController.h */ = {isa = PBXFileReference; fileEncoding = 4; lastKnownFileType = sourcecode.c.h; path = ContextsNavigationController.h; sourceTree = "<group>"; };
		39B6590310B6B36F00825C1D /* ContextsNavigationController.m */ = {isa = PBXFileReference; fileEncoding = 4; lastKnownFileType = sourcecode.c.objc; path = ContextsNavigationController.m; sourceTree = "<group>"; };
		39B6590510B6B3A100825C1D /* ContextsFirstLevelViewController.h */ = {isa = PBXFileReference; fileEncoding = 4; lastKnownFileType = sourcecode.c.h; path = ContextsFirstLevelViewController.h; sourceTree = "<group>"; };
		39B6590610B6B3A100825C1D /* ContextsFirstLevelViewController.m */ = {isa = PBXFileReference; fileEncoding = 4; lastKnownFileType = sourcecode.c.objc; path = ContextsFirstLevelViewController.m; sourceTree = "<group>"; };
		39B6593E10B6B88B00825C1D /* ContextsTableView.xib */ = {isa = PBXFileReference; lastKnownFileType = file.xib; path = ContextsTableView.xib; sourceTree = "<group>"; };
		8D1107310486CEB800E47090 /* Less2Do-Info.plist */ = {isa = PBXFileReference; fileEncoding = 4; lastKnownFileType = text.plist.xml; path = "Less2Do-Info.plist"; sourceTree = "<group>"; };
/* End PBXFileReference section */

/* Begin PBXFrameworksBuildPhase section */
		1D60588F0D05DD3D006BFB54 /* Frameworks */ = {
			isa = PBXFrameworksBuildPhase;
			buildActionMask = 2147483647;
			files = (
				1D60589F0D05DD5A006BFB54 /* Foundation.framework in Frameworks */,
				1DF5F4E00D08C38300B7A737 /* UIKit.framework in Frameworks */,
				288765A50DF7441C002DB57D /* CoreGraphics.framework in Frameworks */,
				28D801B40F44B63D00FB423F /* CoreData.framework in Frameworks */,
			);
			runOnlyForDeploymentPostprocessing = 0;
		};
/* End PBXFrameworksBuildPhase section */

/* Begin PBXGroup section */
		080E96DDFE201D6D7F000001 /* Classes */ = {
			isa = PBXGroup;
			children = (
				39B6584A10B6168600825C1D /* home */,
				39B6590010B6B32600825C1D /* folder */,
				39B658FF10B6B31200825C1D /* contexts */,
				39B6590110B6B32D00825C1D /* tags */,
				1D3623240D0F684500981E51 /* Less2DoAppDelegate.h */,
				1D3623250D0F684500981E51 /* Less2DoAppDelegate.m */,
				3903387410B60BF0007985A9 /* TasksListViewController.h */,
				3903387510B60BF0007985A9 /* TasksListViewController.m */,
			);
			path = Classes;
			sourceTree = "<group>";
		};
		19C28FACFE9D520D11CA2CBB /* Products */ = {
			isa = PBXGroup;
			children = (
				1D6058910D05DD3D006BFB54 /* Less2Do.app */,
			);
			name = Products;
			sourceTree = "<group>";
		};
		29B97314FDCFA39411CA2CEA /* CustomTemplate */ = {
			isa = PBXGroup;
			children = (
				080E96DDFE201D6D7F000001 /* Classes */,
				29B97315FDCFA39411CA2CEA /* Other Sources */,
				29B97317FDCFA39411CA2CEA /* Resources */,
				29B97323FDCFA39411CA2CEA /* Frameworks */,
				19C28FACFE9D520D11CA2CBB /* Products */,
			);
			name = CustomTemplate;
			sourceTree = "<group>";
		};
		29B97315FDCFA39411CA2CEA /* Other Sources */ = {
			isa = PBXGroup;
			children = (
				32CA4F630368D1EE00C91783 /* Less2Do_Prefix.pch */,
				29B97316FDCFA39411CA2CEA /* main.m */,
			);
			name = "Other Sources";
			sourceTree = "<group>";
		};
		29B97317FDCFA39411CA2CEA /* Resources */ = {
			isa = PBXGroup;
			children = (
				39B6586110B618D700825C1D /* home */,
				39B6593B10B6B83B00825C1D /* contexts */,
				392325AB10B2EE7D00075370 /* img */,
				28C3AD890F43EF2300507BA6 /* Less2Do.xcdatamodel */,
				28AD733E0D9D9553002E5188 /* MainWindow.xib */,
				8D1107310486CEB800E47090 /* Less2Do-Info.plist */,
			);
			name = Resources;
			sourceTree = "<group>";
		};
		29B97323FDCFA39411CA2CEA /* Frameworks */ = {
			isa = PBXGroup;
			children = (
				1DF5F4DF0D08C38300B7A737 /* UIKit.framework */,
				1D30AB110D05D00D00671497 /* Foundation.framework */,
				288765A40DF7441C002DB57D /* CoreGraphics.framework */,
				28D801B30F44B63D00FB423F /* CoreData.framework */,
			);
			name = Frameworks;
			sourceTree = "<group>";
		};
		392325AB10B2EE7D00075370 /* img */ = {
			isa = PBXGroup;
			children = (
				39B6593D10B6B86200825C1D /* ci */,
				39B6593C10B6B85400825C1D /* tablecells */,
				39B6587110B61E2200825C1D /* navbar */,
				392325AC10B2EE7D00075370 /* tabbar */,
			);
			path = img;
			sourceTree = "<group>";
		};
		392325AC10B2EE7D00075370 /* tabbar */ = {
			isa = PBXGroup;
			children = (
				392325AD10B2EE7D00075370 /* contexts.png */,
				392325AE10B2EE7D00075370 /* folders.png */,
				392325AF10B2EE7D00075370 /* home.png */,
				392325B010B2EE7D00075370 /* settings.png */,
				392325B110B2EE7D00075370 /* tags.png */,
			);
			path = tabbar;
			sourceTree = "<group>";
		};
		39B6584A10B6168600825C1D /* home */ = {
			isa = PBXGroup;
			children = (
				39B6584710B615FF00825C1D /* HomeNavigationController.h */,
				39B6584810B615FF00825C1D /* HomeNavigationController.m */,
				3903386710B6096F007985A9 /* HomeFirstLevelViewController.h */,
				3903386810B6096F007985A9 /* HomeFirstLevelViewController.m */,
			);
			name = home;
			sourceTree = "<group>";
		};
		39B6586110B618D700825C1D /* home */ = {
			isa = PBXGroup;
			children = (
				39B6586210B618F600825C1D /* HomeTableView.xib */,
			);
			name = home;
			sourceTree = "<group>";
		};
		39B6587110B61E2200825C1D /* navbar */ = {
			isa = PBXGroup;
			children = (
				39B6586F10B61E1E00825C1D /* sync.png */,
			);
			name = navbar;
			sourceTree = "<group>";
		};
		39B658FF10B6B31200825C1D /* contexts */ = {
			isa = PBXGroup;
			children = (
				39B6590210B6B36F00825C1D /* ContextsNavigationController.h */,
				39B6590310B6B36F00825C1D /* ContextsNavigationController.m */,
				39B6590510B6B3A100825C1D /* ContextsFirstLevelViewController.h */,
				39B6590610B6B3A100825C1D /* ContextsFirstLevelViewController.m */,
			);
			name = contexts;
			sourceTree = "<group>";
		};
		39B6590010B6B32600825C1D /* folder */ = {
			isa = PBXGroup;
			children = (
			);
			name = folder;
			sourceTree = "<group>";
		};
		39B6590110B6B32D00825C1D /* tags */ = {
			isa = PBXGroup;
			children = (
			);
			name = tags;
			sourceTree = "<group>";
		};
		39B6593B10B6B83B00825C1D /* contexts */ = {
			isa = PBXGroup;
			children = (
				39B6593E10B6B88B00825C1D /* ContextsTableView.xib */,
			);
			name = contexts;
			sourceTree = "<group>";
		};
		39B6593C10B6B85400825C1D /* tablecells */ = {
			isa = PBXGroup;
			children = (
				39B658B810B623AE00825C1D /* all_tasks.png */,
			);
			name = tablecells;
			sourceTree = "<group>";
		};
		39B6593D10B6B86200825C1D /* ci */ = {
			isa = PBXGroup;
			children = (
				39B6587810B61F8A00825C1D /* title.png */,
				392325A810B2EE7D00075370 /* Default.png */,
				392325A910B2EE7D00075370 /* Icon.png */,
				392325AA10B2EE7D00075370 /* Icon-Small.png */,
			);
			name = ci;
			sourceTree = "<group>";
		};
/* End PBXGroup section */

/* Begin PBXNativeTarget section */
		1D6058900D05DD3D006BFB54 /* Less2Do */ = {
			isa = PBXNativeTarget;
			buildConfigurationList = 1D6058960D05DD3E006BFB54 /* Build configuration list for PBXNativeTarget "Less2Do" */;
			buildPhases = (
				1D60588D0D05DD3D006BFB54 /* Resources */,
				1D60588E0D05DD3D006BFB54 /* Sources */,
				1D60588F0D05DD3D006BFB54 /* Frameworks */,
			);
			buildRules = (
			);
			dependencies = (
			);
			name = Less2Do;
			productName = Less2Do;
			productReference = 1D6058910D05DD3D006BFB54 /* Less2Do.app */;
			productType = "com.apple.product-type.application";
		};
/* End PBXNativeTarget section */

/* Begin PBXProject section */
		29B97313FDCFA39411CA2CEA /* Project object */ = {
			isa = PBXProject;
			buildConfigurationList = C01FCF4E08A954540054247B /* Build configuration list for PBXProject "Less2Do" */;
			compatibilityVersion = "Xcode 3.1";
			hasScannedForEncodings = 1;
			mainGroup = 29B97314FDCFA39411CA2CEA /* CustomTemplate */;
			projectDirPath = "";
			projectRoot = "";
			targets = (
				1D6058900D05DD3D006BFB54 /* Less2Do */,
			);
		};
/* End PBXProject section */

/* Begin PBXResourcesBuildPhase section */
		1D60588D0D05DD3D006BFB54 /* Resources */ = {
			isa = PBXResourcesBuildPhase;
			buildActionMask = 2147483647;
			files = (
				28AD733F0D9D9553002E5188 /* MainWindow.xib in Resources */,
				392325B210B2EE7D00075370 /* Default.png in Resources */,
				392325B310B2EE7D00075370 /* Icon.png in Resources */,
				392325B410B2EE7D00075370 /* Icon-Small.png in Resources */,
				392325B510B2EE7D00075370 /* contexts.png in Resources */,
				392325B610B2EE7D00075370 /* folders.png in Resources */,
				392325B710B2EE7D00075370 /* home.png in Resources */,
				392325B810B2EE7D00075370 /* settings.png in Resources */,
				392325B910B2EE7D00075370 /* tags.png in Resources */,
				39B6586310B618F600825C1D /* HomeTableView.xib in Resources */,
				39B6587010B61E1E00825C1D /* sync.png in Resources */,
				39B6587910B61F8A00825C1D /* title.png in Resources */,
				39B658B910B623AE00825C1D /* all_tasks.png in Resources */,
				39B6593F10B6B88B00825C1D /* ContextsTableView.xib in Resources */,
			);
			runOnlyForDeploymentPostprocessing = 0;
		};
/* End PBXResourcesBuildPhase section */

/* Begin PBXSourcesBuildPhase section */
		1D60588E0D05DD3D006BFB54 /* Sources */ = {
			isa = PBXSourcesBuildPhase;
			buildActionMask = 2147483647;
			files = (
				1D60589B0D05DD56006BFB54 /* main.m in Sources */,
				1D3623260D0F684500981E51 /* Less2DoAppDelegate.m in Sources */,
				28C3AD8A0F43EF2300507BA6 /* Less2Do.xcdatamodel in Sources */,
				3903386910B6096F007985A9 /* HomeFirstLevelViewController.m in Sources */,
				3903387610B60BF0007985A9 /* TasksListViewController.m in Sources */,
				39B6584910B615FF00825C1D /* HomeNavigationController.m in Sources */,
				39B6590410B6B36F00825C1D /* ContextsNavigationController.m in Sources */,
				39B6590710B6B3A100825C1D /* ContextsFirstLevelViewController.m in Sources */,
			);
			runOnlyForDeploymentPostprocessing = 0;
		};
/* End PBXSourcesBuildPhase section */

/* Begin XCBuildConfiguration section */
		1D6058940D05DD3E006BFB54 /* Debug */ = {
			isa = XCBuildConfiguration;
			buildSettings = {
				ALWAYS_SEARCH_USER_PATHS = NO;
				COPY_PHASE_STRIP = NO;
				FRAMEWORK_SEARCH_PATHS = (
					"$(inherited)",
					"\"/Volumes/Skiiing2/CD/ViewBased/Unknown Path/System/Library/Frameworks\"",
				);
				GCC_DYNAMIC_NO_PIC = NO;
				GCC_OPTIMIZATION_LEVEL = 0;
				GCC_PRECOMPILE_PREFIX_HEADER = YES;
				GCC_PREFIX_HEADER = Less2Do_Prefix.pch;
				INFOPLIST_FILE = "Less2Do-Info.plist";
				PRODUCT_NAME = Less2Do;
			};
			name = Debug;
		};
		1D6058950D05DD3E006BFB54 /* Release */ = {
			isa = XCBuildConfiguration;
			buildSettings = {
				ALWAYS_SEARCH_USER_PATHS = NO;
				COPY_PHASE_STRIP = YES;
				FRAMEWORK_SEARCH_PATHS = (
					"$(inherited)",
					"\"/Volumes/Skiiing2/CD/ViewBased/Unknown Path/System/Library/Frameworks\"",
				);
				GCC_PRECOMPILE_PREFIX_HEADER = YES;
				GCC_PREFIX_HEADER = Less2Do_Prefix.pch;
				INFOPLIST_FILE = "Less2Do-Info.plist";
				PRODUCT_NAME = Less2Do;
			};
			name = Release;
		};
		C01FCF4F08A954540054247B /* Debug */ = {
			isa = XCBuildConfiguration;
			buildSettings = {
				ARCHS = "$(ARCHS_STANDARD_32_BIT)";
				"CODE_SIGN_IDENTITY[sdk=iphoneos*]" = "iPhone Developer";
				GCC_C_LANGUAGE_STANDARD = c99;
				GCC_WARN_ABOUT_RETURN_TYPE = YES;
				GCC_WARN_UNUSED_VARIABLE = YES;
				PREBINDING = NO;
				SDKROOT = iphoneos3.1.2;
			};
			name = Debug;
		};
		C01FCF5008A954540054247B /* Release */ = {
			isa = XCBuildConfiguration;
			buildSettings = {
				ARCHS = "$(ARCHS_STANDARD_32_BIT)";
				"CODE_SIGN_IDENTITY[sdk=iphoneos*]" = "iPhone Developer";
				GCC_C_LANGUAGE_STANDARD = c99;
				GCC_WARN_ABOUT_RETURN_TYPE = YES;
				GCC_WARN_UNUSED_VARIABLE = YES;
				PREBINDING = NO;
				SDKROOT = iphoneos3.1.2;
			};
			name = Release;
		};
/* End XCBuildConfiguration section */

/* Begin XCConfigurationList section */
		1D6058960D05DD3E006BFB54 /* Build configuration list for PBXNativeTarget "Less2Do" */ = {
			isa = XCConfigurationList;
			buildConfigurations = (
				1D6058940D05DD3E006BFB54 /* Debug */,
				1D6058950D05DD3E006BFB54 /* Release */,
			);
			defaultConfigurationIsVisible = 0;
			defaultConfigurationName = Release;
		};
		C01FCF4E08A954540054247B /* Build configuration list for PBXProject "Less2Do" */ = {
			isa = XCConfigurationList;
			buildConfigurations = (
				C01FCF4F08A954540054247B /* Debug */,
				C01FCF5008A954540054247B /* Release */,
			);
			defaultConfigurationIsVisible = 0;
			defaultConfigurationName = Release;
		};
/* End XCConfigurationList section */
	};
	rootObject = 29B97313FDCFA39411CA2CEA /* Project object */;
}
